
Microsoft Visual Studio Solution File, Format Version 12.00
# Visual Studio Version 16
VisualStudioVersion = 16.0.30907.101
MinimumVisualStudioVersion = 10.0.40219.1
Project("{FAE04EC0-301F-11D3-BF4B-00C04F79EFBC}") = "MyGameBag", "MyGameBag\MyGameBag.csproj", "{7AC03373-9A3D-4535-8149-CB0316673984}"
EndProject
Global
	GlobalSection(SolutionConfigurationPlatforms) = preSolution
		Debug|Any CPU = Debug|Any CPU
		Release|Any CPU = Release|Any CPU
	EndGlobalSection
	GlobalSection(ProjectConfigurationPlatforms) = postSolution
		{7AC03373-9A3D-4535-8149-CB0316673984}.Debug|Any CPU.ActiveCfg = Debug|Any CPU
		{7AC03373-9A3D-4535-8149-CB0316673984}.Debug|Any CPU.Build.0 = Debug|Any CPU
		{7AC03373-9A3D-4535-8149-CB0316673984}.Release|Any CPU.ActiveCfg = Release|Any CPU
		{7AC03373-9A3D-4535-8149-CB0316673984}.Release|Any CPU.Build.0 = Release|Any CPU
	EndGlobalSection
	GlobalSection(SolutionProperties) = preSolution
		HideSolutionNode = FALSE
	EndGlobalSection
	GlobalSection(ExtensibilityGlobals) = postSolution
		SolutionGuid = {88C8015E-5020-45CC-AB96-DBBBE293C4A9}
	EndGlobalSection
EndGlobal
